// !$*UTF8*$!
{
	archiveVersion = 1;
	classes = {
	};
	objectVersion = 50;
	objects = {

/* Begin PBXBuildFile section */
		DF1ED99623F380B900CF963E /* stone_iron.png in CopyFiles */ = {isa = PBXBuildFile; fileRef = DF1ED99523F380B900CF963E /* stone_iron.png */; };
		DF73E2C623F3252500E24124 /* OpenGL.framework in Frameworks */ = {isa = PBXBuildFile; fileRef = DF73E2C523F3252500E24124 /* OpenGL.framework */; };
		DF73E2C823F3257000E24124 /* libglfw.3.3.dylib in Frameworks */ = {isa = PBXBuildFile; fileRef = DF73E2C723F3257000E24124 /* libglfw.3.3.dylib */; };
		DF73E2CA23F3258400E24124 /* libGLEW.2.1.0.dylib in Frameworks */ = {isa = PBXBuildFile; fileRef = DF73E2C923F3258400E24124 /* libGLEW.2.1.0.dylib */; };
		DF73E2CC23F325A600E24124 /* main.cpp in Sources */ = {isa = PBXBuildFile; fileRef = DF73E2CB23F325A600E24124 /* main.cpp */; };
		DF73E2D123F326DF00E24124 /* glad.c in Sources */ = {isa = PBXBuildFile; fileRef = DF73E2D023F326DF00E24124 /* glad.c */; };
		DF73E2D523F32CC500E24124 /* shader.vs in CopyFiles */ = {isa = PBXBuildFile; fileRef = DF73E2D323F32A2C00E24124 /* shader.vs */; };
		DF73E2D623F32CC500E24124 /* shader.fs in CopyFiles */ = {isa = PBXBuildFile; fileRef = DF73E2D423F32A3F00E24124 /* shader.fs */; };
		DF73E2D823F32D3B00E24124 /* container.jpg in CopyFiles */ = {isa = PBXBuildFile; fileRef = DF73E2D723F32D3B00E24124 /* container.jpg */; };
/* End PBXBuildFile section */

/* Begin PBXCopyFilesBuildPhase section */
		DF73E2B823F3250E00E24124 /* CopyFiles */ = {
			isa = PBXCopyFilesBuildPhase;
			buildActionMask = 12;
			dstPath = "";
			dstSubfolderSpec = 16;
			files = (
				DF1ED99623F380B900CF963E /* stone_iron.png in CopyFiles */,
				DF73E2D823F32D3B00E24124 /* container.jpg in CopyFiles */,
				DF73E2D523F32CC500E24124 /* shader.vs in CopyFiles */,
				DF73E2D623F32CC500E24124 /* shader.fs in CopyFiles */,
			);
			runOnlyForDeploymentPostprocessing = 0;
		};
/* End PBXCopyFilesBuildPhase section */

/* Begin PBXFileReference section */
		DF1ED99523F380B900CF963E /* stone_iron.png */ = {isa = PBXFileReference; lastKnownFileType = image.png; name = stone_iron.png; path = "voxel-engine/stone_iron.png"; sourceTree = "<group>"; };
		DF73E2BA23F3250E00E24124 /* voxel-engine */ = {isa = PBXFileReference; explicitFileType = "compiled.mach-o.executable"; includeInIndex = 0; path = "voxel-engine"; sourceTree = BUILT_PRODUCTS_DIR; };
		DF73E2C523F3252500E24124 /* OpenGL.framework */ = {isa = PBXFileReference; lastKnownFileType = wrapper.framework; name = OpenGL.framework; path = System/Library/Frameworks/OpenGL.framework; sourceTree = SDKROOT; };
		DF73E2C723F3257000E24124 /* libglfw.3.3.dylib */ = {isa = PBXFileReference; lastKnownFileType = "compiled.mach-o.dylib"; name = libglfw.3.3.dylib; path = ../../../../../../../usr/local/Cellar/glfw/3.3.2/lib/libglfw.3.3.dylib; sourceTree = "<group>"; };
		DF73E2C923F3258400E24124 /* libGLEW.2.1.0.dylib */ = {isa = PBXFileReference; lastKnownFileType = "compiled.mach-o.dylib"; name = libGLEW.2.1.0.dylib; path = ../../../../../../../usr/local/Cellar/glew/2.1.0_1/lib/libGLEW.2.1.0.dylib; sourceTree = "<group>"; };
		DF73E2CB23F325A600E24124 /* main.cpp */ = {isa = PBXFileReference; lastKnownFileType = sourcecode.cpp.cpp; path = main.cpp; sourceTree = "<group>"; };
		DF73E2CD23F3260100E24124 /* voxel-engine.entitlements */ = {isa = PBXFileReference; lastKnownFileType = text.plist.entitlements; path = "voxel-engine.entitlements"; sourceTree = "<group>"; };
		DF73E2CE23F3268B00E24124 /* shader.h */ = {isa = PBXFileReference; lastKnownFileType = sourcecode.c.h; path = shader.h; sourceTree = "<group>"; };
		DF73E2CF23F326B000E24124 /* camera.h */ = {isa = PBXFileReference; lastKnownFileType = sourcecode.c.h; path = camera.h; sourceTree = "<group>"; };
		DF73E2D023F326DF00E24124 /* glad.c */ = {isa = PBXFileReference; lastKnownFileType = sourcecode.c.c; path = glad.c; sourceTree = "<group>"; };
		DF73E2D223F327CB00E24124 /* stb_image.h */ = {isa = PBXFileReference; lastKnownFileType = sourcecode.c.h; path = stb_image.h; sourceTree = "<group>"; };
		DF73E2D323F32A2C00E24124 /* shader.vs */ = {isa = PBXFileReference; explicitFileType = sourcecode.glsl; path = shader.vs; sourceTree = "<group>"; };
		DF73E2D423F32A3F00E24124 /* shader.fs */ = {isa = PBXFileReference; explicitFileType = sourcecode.glsl; path = shader.fs; sourceTree = "<group>"; };
		DF73E2D723F32D3B00E24124 /* container.jpg */ = {isa = PBXFileReference; lastKnownFileType = image.jpeg; name = container.jpg; path = "voxel-engine/container.jpg"; sourceTree = "<group>"; };
		DF73E2D923F346EE00E24124 /* voxel.h */ = {isa = PBXFileReference; lastKnownFileType = sourcecode.c.h; path = voxel.h; sourceTree = "<group>"; };
/* End PBXFileReference section */

/* Begin PBXFrameworksBuildPhase section */
		DF73E2B723F3250E00E24124 /* Frameworks */ = {
			isa = PBXFrameworksBuildPhase;
			buildActionMask = 2147483647;
			files = (
				DF73E2CA23F3258400E24124 /* libGLEW.2.1.0.dylib in Frameworks */,
				DF73E2C823F3257000E24124 /* libglfw.3.3.dylib in Frameworks */,
				DF73E2C623F3252500E24124 /* OpenGL.framework in Frameworks */,
			);
			runOnlyForDeploymentPostprocessing = 0;
		};
/* End PBXFrameworksBuildPhase section */

/* Begin PBXGroup section */
		DF73E2B123F3250E00E24124 = {
			isa = PBXGroup;
			children = (
				DF1ED99523F380B900CF963E /* stone_iron.png */,
				DF73E2D723F32D3B00E24124 /* container.jpg */,
				DF73E2BC23F3250E00E24124 /* voxel-engine */,
				DF73E2BB23F3250E00E24124 /* Products */,
				DF73E2C423F3252500E24124 /* Frameworks */,
			);
			sourceTree = "<group>";
		};
		DF73E2BB23F3250E00E24124 /* Products */ = {
			isa = PBXGroup;
			children = (
				DF73E2BA23F3250E00E24124 /* voxel-engine */,
			);
			name = Products;
			sourceTree = "<group>";
		};
		DF73E2BC23F3250E00E24124 /* voxel-engine */ = {
			isa = PBXGroup;
			children = (
				DF73E2CD23F3260100E24124 /* voxel-engine.entitlements */,
				DF73E2CB23F325A600E24124 /* main.cpp */,
				DF73E2D923F346EE00E24124 /* voxel.h */,
				DF73E2D323F32A2C00E24124 /* shader.vs */,
				DF73E2D423F32A3F00E24124 /* shader.fs */,
				DF73E2CE23F3268B00E24124 /* shader.h */,
				DF73E2D223F327CB00E24124 /* stb_image.h */,
				DF73E2CF23F326B000E24124 /* camera.h */,
				DF73E2D023F326DF00E24124 /* glad.c */,
			);
			path = "voxel-engine";
			sourceTree = "<group>";
		};
		DF73E2C423F3252500E24124 /* Frameworks */ = {
			isa = PBXGroup;
			children = (
				DF73E2C923F3258400E24124 /* libGLEW.2.1.0.dylib */,
				DF73E2C723F3257000E24124 /* libglfw.3.3.dylib */,
				DF73E2C523F3252500E24124 /* OpenGL.framework */,
			);
			name = Frameworks;
			sourceTree = "<group>";
		};
/* End PBXGroup section */

/* Begin PBXNativeTarget section */
		DF73E2B923F3250E00E24124 /* voxel-engine */ = {
			isa = PBXNativeTarget;
			buildConfigurationList = DF73E2C123F3250E00E24124 /* Build configuration list for PBXNativeTarget "voxel-engine" */;
			buildPhases = (
				DF73E2B623F3250E00E24124 /* Sources */,
				DF73E2B723F3250E00E24124 /* Frameworks */,
				DF73E2B823F3250E00E24124 /* CopyFiles */,
			);
			buildRules = (
			);
			dependencies = (
			);
			name = "voxel-engine";
			productName = "voxel-engine";
			productReference = DF73E2BA23F3250E00E24124 /* voxel-engine */;
			productType = "com.apple.product-type.tool";
		};
/* End PBXNativeTarget section */

/* Begin PBXProject section */
		DF73E2B223F3250E00E24124 /* Project object */ = {
			isa = PBXProject;
			attributes = {
				LastUpgradeCheck = 1130;
				ORGANIZATIONNAME = "Liam Hinzman";
				TargetAttributes = {
					DF73E2B923F3250E00E24124 = {
						CreatedOnToolsVersion = 11.3.1;
					};
				};
			};
			buildConfigurationList = DF73E2B523F3250E00E24124 /* Build configuration list for PBXProject "voxel-engine" */;
			compatibilityVersion = "Xcode 9.3";
			developmentRegion = en;
			hasScannedForEncodings = 0;
			knownRegions = (
				en,
				Base,
			);
			mainGroup = DF73E2B123F3250E00E24124;
			productRefGroup = DF73E2BB23F3250E00E24124 /* Products */;
			projectDirPath = "";
			projectRoot = "";
			targets = (
				DF73E2B923F3250E00E24124 /* voxel-engine */,
			);
		};
/* End PBXProject section */

/* Begin PBXSourcesBuildPhase section */
		DF73E2B623F3250E00E24124 /* Sources */ = {
			isa = PBXSourcesBuildPhase;
			buildActionMask = 2147483647;
			files = (
				DF73E2CC23F325A600E24124 /* main.cpp in Sources */,
				DF73E2D123F326DF00E24124 /* glad.c in Sources */,
			);
			runOnlyForDeploymentPostprocessing = 0;
		};
/* End PBXSourcesBuildPhase section */

/* Begin XCBuildConfiguration section */
		DF73E2BF23F3250E00E24124 /* Debug */ = {
			isa = XCBuildConfiguration;
			buildSettings = {
				ALWAYS_SEARCH_USER_PATHS = NO;
				CLANG_ANALYZER_NONNULL = YES;
				CLANG_ANALYZER_NUMBER_OBJECT_CONVERSION = YES_AGGRESSIVE;
				CLANG_CXX_LANGUAGE_STANDARD = "gnu++14";
				CLANG_CXX_LIBRARY = "libc++";
				CLANG_ENABLE_MODULES = YES;
				CLANG_ENABLE_OBJC_ARC = YES;
				CLANG_ENABLE_OBJC_WEAK = YES;
				CLANG_WARN_BLOCK_CAPTURE_AUTORELEASING = YES;
				CLANG_WARN_BOOL_CONVERSION = YES;
				CLANG_WARN_COMMA = YES;
				CLANG_WARN_CONSTANT_CONVERSION = YES;
				CLANG_WARN_DEPRECATED_OBJC_IMPLEMENTATIONS = YES;
				CLANG_WARN_DIRECT_OBJC_ISA_USAGE = YES_ERROR;
				CLANG_WARN_DOCUMENTATION_COMMENTS = YES;
				CLANG_WARN_EMPTY_BODY = YES;
				CLANG_WARN_ENUM_CONVERSION = YES;
				CLANG_WARN_INFINITE_RECURSION = YES;
				CLANG_WARN_INT_CONVERSION = YES;
				CLANG_WARN_NON_LITERAL_NULL_CONVERSION = YES;
				CLANG_WARN_OBJC_IMPLICIT_RETAIN_SELF = YES;
				CLANG_WARN_OBJC_LITERAL_CONVERSION = YES;
				CLANG_WARN_OBJC_ROOT_CLASS = YES_ERROR;
				CLANG_WARN_RANGE_LOOP_ANALYSIS = YES;
				CLANG_WARN_STRICT_PROTOTYPES = YES;
				CLANG_WARN_SUSPICIOUS_MOVE = YES;
				CLANG_WARN_UNGUARDED_AVAILABILITY = YES_AGGRESSIVE;
				CLANG_WARN_UNREACHABLE_CODE = YES;
				CLANG_WARN__DUPLICATE_METHOD_MATCH = YES;
				COPY_PHASE_STRIP = NO;
				DEBUG_INFORMATION_FORMAT = dwarf;
				ENABLE_STRICT_OBJC_MSGSEND = YES;
				ENABLE_TESTABILITY = YES;
				GCC_C_LANGUAGE_STANDARD = gnu11;
				GCC_DYNAMIC_NO_PIC = NO;
				GCC_NO_COMMON_BLOCKS = YES;
				GCC_OPTIMIZATION_LEVEL = 0;
				GCC_PREPROCESSOR_DEFINITIONS = (
					"DEBUG=1",
					"$(inherited)",
				);
				GCC_WARN_64_TO_32_BIT_CONVERSION = YES;
				GCC_WARN_ABOUT_RETURN_TYPE = YES_ERROR;
				GCC_WARN_UNDECLARED_SELECTOR = YES;
				GCC_WARN_UNINITIALIZED_AUTOS = YES_AGGRESSIVE;
				GCC_WARN_UNUSED_FUNCTION = YES;
				GCC_WARN_UNUSED_VARIABLE = YES;
				MACOSX_DEPLOYMENT_TARGET = 10.15;
				MTL_ENABLE_DEBUG_INFO = INCLUDE_SOURCE;
				MTL_FAST_MATH = YES;
				ONLY_ACTIVE_ARCH = YES;
				SDKROOT = macosx;
			};
			name = Debug;
		};
		DF73E2C023F3250E00E24124 /* Release */ = {
			isa = XCBuildConfiguration;
			buildSettings = {
				ALWAYS_SEARCH_USER_PATHS = NO;
				CLANG_ANALYZER_NONNULL = YES;
				CLANG_ANALYZER_NUMBER_OBJECT_CONVERSION = YES_AGGRESSIVE;
				CLANG_CXX_LANGUAGE_STANDARD = "gnu++14";
				CLANG_CXX_LIBRARY = "libc++";
				CLANG_ENABLE_MODULES = YES;
				CLANG_ENABLE_OBJC_ARC = YES;
				CLANG_ENABLE_OBJC_WEAK = YES;
				CLANG_WARN_BLOCK_CAPTURE_AUTORELEASING = YES;
				CLANG_WARN_BOOL_CONVERSION = YES;
				CLANG_WARN_COMMA = YES;
				CLANG_WARN_CONSTANT_CONVERSION = YES;
				CLANG_WARN_DEPRECATED_OBJC_IMPLEMENTATIONS = YES;
				CLANG_WARN_DIRECT_OBJC_ISA_USAGE = YES_ERROR;
				CLANG_WARN_DOCUMENTATION_COMMENTS = YES;
				CLANG_WARN_EMPTY_BODY = YES;
				CLANG_WARN_ENUM_CONVERSION = YES;
				CLANG_WARN_INFINITE_RECURSION = YES;
				CLANG_WARN_INT_CONVERSION = YES;
				CLANG_WARN_NON_LITERAL_NULL_CONVERSION = YES;
				CLANG_WARN_OBJC_IMPLICIT_RETAIN_SELF = YES;
				CLANG_WARN_OBJC_LITERAL_CONVERSION = YES;
				CLANG_WARN_OBJC_ROOT_CLASS = YES_ERROR;
				CLANG_WARN_RANGE_LOOP_ANALYSIS = YES;
				CLANG_WARN_STRICT_PROTOTYPES = YES;
				CLANG_WARN_SUSPICIOUS_MOVE = YES;
				CLANG_WARN_UNGUARDED_AVAILABILITY = YES_AGGRESSIVE;
				CLANG_WARN_UNREACHABLE_CODE = YES;
				CLANG_WARN__DUPLICATE_METHOD_MATCH = YES;
				COPY_PHASE_STRIP = NO;
				DEBUG_INFORMATION_FORMAT = "dwarf-with-dsym";
				ENABLE_NS_ASSERTIONS = NO;
				ENABLE_STRICT_OBJC_MSGSEND = YES;
				GCC_C_LANGUAGE_STANDARD = gnu11;
				GCC_NO_COMMON_BLOCKS = YES;
				GCC_WARN_64_TO_32_BIT_CONVERSION = YES;
				GCC_WARN_ABOUT_RETURN_TYPE = YES_ERROR;
				GCC_WARN_UNDECLARED_SELECTOR = YES;
				GCC_WARN_UNINITIALIZED_AUTOS = YES_AGGRESSIVE;
				GCC_WARN_UNUSED_FUNCTION = YES;
				GCC_WARN_UNUSED_VARIABLE = YES;
				MACOSX_DEPLOYMENT_TARGET = 10.15;
				MTL_ENABLE_DEBUG_INFO = NO;
				MTL_FAST_MATH = YES;
				SDKROOT = macosx;
			};
			name = Release;
		};
		DF73E2C223F3250E00E24124 /* Debug */ = {
			isa = XCBuildConfiguration;
			buildSettings = {
				CODE_SIGN_ENTITLEMENTS = "voxel-engine/voxel-engine.entitlements";
				CODE_SIGN_STYLE = Automatic;
				DEVELOPMENT_TEAM = B8P6FU425R;
				ENABLE_HARDENED_RUNTIME = NO;
				HEADER_SEARCH_PATHS = /usr/local/include;
				LIBRARY_SEARCH_PATHS = (
					"$(inherited)",
					/usr/local/Cellar/glfw/3.3.2/lib,
					/usr/local/Cellar/glew/2.1.0_1/lib,
				);
				PRODUCT_NAME = "$(TARGET_NAME)";
			};
			name = Debug;
		};
		DF73E2C323F3250E00E24124 /* Release */ = {
			isa = XCBuildConfiguration;
			buildSettings = {
				CODE_SIGN_ENTITLEMENTS = "voxel-engine/voxel-engine.entitlements";
				CODE_SIGN_STYLE = Automatic;
				DEVELOPMENT_TEAM = B8P6FU425R;
				ENABLE_HARDENED_RUNTIME = NO;
				HEADER_SEARCH_PATHS = /usr/local/include;
				LIBRARY_SEARCH_PATHS = (
					"$(inherited)",
					/usr/local/Cellar/glfw/3.3.2/lib,
					/usr/local/Cellar/glew/2.1.0_1/lib,
				);
				PRODUCT_NAME = "$(TARGET_NAME)";
			};
			name = Release;
		};
/* End XCBuildConfiguration section */

/* Begin XCConfigurationList section */
		DF73E2B523F3250E00E24124 /* Build configuration list for PBXProject "voxel-engine" */ = {
			isa = XCConfigurationList;
			buildConfigurations = (
				DF73E2BF23F3250E00E24124 /* Debug */,
				DF73E2C023F3250E00E24124 /* Release */,
			);
			defaultConfigurationIsVisible = 0;
			defaultConfigurationName = Release;
		};
		DF73E2C123F3250E00E24124 /* Build configuration list for PBXNativeTarget "voxel-engine" */ = {
			isa = XCConfigurationList;
			buildConfigurations = (
				DF73E2C223F3250E00E24124 /* Debug */,
				DF73E2C323F3250E00E24124 /* Release */,
			);
			defaultConfigurationIsVisible = 0;
			defaultConfigurationName = Release;
		};
/* End XCConfigurationList section */
	};
	rootObject = DF73E2B223F3250E00E24124 /* Project object */;
}
